
Microsoft Visual Studio Solution File, Format Version 12.00
# Visual Studio Version 16
VisualStudioVersion = 16.0.28803.156
MinimumVisualStudioVersion = 10.0.40219.1
Project("{FAE04EC0-301F-11D3-BF4B-00C04F79EFBC}") = "ExerceoBitcamp2019", "ExerceoBitcamp2019\ExerceoBitcamp2019.csproj", "{09A1051E-3D86-41BD-9CFE-DB29F9BFEFC6}"
EndProject
Global
	GlobalSection(SolutionConfigurationPlatforms) = preSolution
		Debug|Any CPU = Debug|Any CPU
		Release|Any CPU = Release|Any CPU
	EndGlobalSection
	GlobalSection(ProjectConfigurationPlatforms) = postSolution
		{09A1051E-3D86-41BD-9CFE-DB29F9BFEFC6}.Debug|Any CPU.ActiveCfg = Debug|Any CPU
		{09A1051E-3D86-41BD-9CFE-DB29F9BFEFC6}.Debug|Any CPU.Build.0 = Debug|Any CPU
		{09A1051E-3D86-41BD-9CFE-DB29F9BFEFC6}.Release|Any CPU.ActiveCfg = Release|Any CPU
		{09A1051E-3D86-41BD-9CFE-DB29F9BFEFC6}.Release|Any CPU.Build.0 = Release|Any CPU
	EndGlobalSection
	GlobalSection(SolutionProperties) = preSolution
		HideSolutionNode = FALSE
	EndGlobalSection
	GlobalSection(ExtensibilityGlobals) = postSolution
		SolutionGuid = {B0801616-396F-450D-836B-FD9404582FD8}
	EndGlobalSection
EndGlobal
